
Microsoft Visual Studio Solution File, Format Version 11.00
# Visual C++ Express 2010
Project("{8BC9CEB8-8B4A-11D0-8D11-00A0C91BC942}") = "testProject", "testProject\testProject.vcxproj", "{C700613C-6771-444F-808D-0D9A32CEFB84}"
EndProject
Global
	GlobalSection(SolutionConfigurationPlatforms) = preSolution
		Debug|Win32 = Debug|Win32
		Release|Win32 = Release|Win32
	EndGlobalSection
	GlobalSection(ProjectConfigurationPlatforms) = postSolution
		{C700613C-6771-444F-808D-0D9A32CEFB84}.Debug|Win32.ActiveCfg = Debug|Win32
		{C700613C-6771-444F-808D-0D9A32CEFB84}.Debug|Win32.Build.0 = Debug|Win32
		{C700613C-6771-444F-808D-0D9A32CEFB84}.Release|Win32.ActiveCfg = Release|Win32
		{C700613C-6771-444F-808D-0D9A32CEFB84}.Release|Win32.Build.0 = Release|Win32
	EndGlobalSection
	GlobalSection(SolutionProperties) = preSolution
		HideSolutionNode = FALSE
	EndGlobalSection
EndGlobal
